# THIS IS AN AUTOGENERATED FILE. DO NOT EDIT THIS FILE DIRECTLY.
# yarn lockfile v1
#
# Synthetic fixture — the package names below are intentionally
# non-real (parent-lib / optional-child-lib / transitive-helper /
# runtime-util) so mikebom's tests don't create false-positive
# vulnerability alerts on real npm registry packages when scanned by
# security tooling (Kusari Inspector et al.). See spec.md.


"parent-lib@^1":
  version "1.0.0"
  dependencies:
    transitive-helper "^1"
  optionalDependencies:
    optional-child-lib "^1"

"optional-child-lib@^1":
  version "1.0.0"

"transitive-helper@^1":
  version "1.0.0"

"runtime-util@^1":
  version "1.0.0"
