# This file is automatically @generated by Cargo.
# It is not intended for manual editing.
version = 3

[[package]]
name = "p220-api"
version = "0.1.0"
dependencies = [
 "serde",
]

[[package]]
name = "p220-worker"
version = "0.1.0"
dependencies = [
 "serde_json",
]

[[package]]
name = "serde"
version = "1.0.203"

[[package]]
name = "serde_json"
version = "1.0.117"
dependencies = [
 "serde",
]
