{
  "name": "m215-frontend",
  "version": "1.0.0",
  "lockfileVersion": 3,
  "requires": true,
  "packages": {
    "": {
      "name": "m215-frontend",
      "version": "1.0.0",
      "dependencies": {
        "m215-fake-lib": "^1"
      }
    },
    "node_modules/m215-fake-lib": {
      "version": "1.0.0",
      "license": "MIT"
    }
  }
}
