{
  "name": "pkg-b",
  "version": "1.0.0",
  "lockfileVersion": 3,
  "requires": true,
  "packages": {
    "": {
      "name": "pkg-b",
      "version": "1.0.0",
      "dependencies": {
        "m215-shared-fake": "^1"
      }
    },
    "node_modules/m215-shared-fake": {
      "version": "1.0.0",
      "license": "MIT"
    }
  }
}
