# This file is automatically @generated by Cargo.
# It is not intended for manual editing.
# Minimal Cargo.lock — cargo reader parses [[package]] entries. Both
# workspace members declare zero deps so the lock is small.
version = 4

[[package]]
name = "cargo-a"
version = "0.1.0"

[[package]]
name = "cargo-b-with-npm"
version = "0.1.0"
