# This file is generated by running "yarn install" inside your project.
# Manual changes might be lost - proceed with caution!

__metadata:
  version: 8
  cacheKey: 10c0

"fsevents@npm:^2":
  version: 2.3.3
  resolution: "fsevents@npm:2.3.3"
  checksum: 10c0/f7ea9b1b7e6a68c05fa2c5751ffa4fea28f4d20b1a7b98c2a4fb2ab4d3f9b31f5f
  languageName: node
  linkType: hard

"lodash@npm:^4":
  version: 4.17.21
  resolution: "lodash@npm:4.17.21"
  checksum: 10c0/bfec02e4e1fd21f8c1c8fbcc59d81a8c66d2a4ce50cc42b5e2f4b9fda9c3f5f9d
  languageName: node
  linkType: hard

"m181-yarn-berry-optional-fixture@workspace:.":
  version: 0.0.0-use.local
  resolution: "m181-yarn-berry-optional-fixture@workspace:."
  dependencies:
    fsevents: ^2
    lodash: ^4
  dependenciesMeta:
    fsevents:
      optional: true
  languageName: unknown
  linkType: soft
