# This file is generated by running "yarn install" inside your project.
# Manual changes might be lost - proceed with caution!
#
# Synthetic fixture — see package.json description.

__metadata:
  version: 8
  cacheKey: 10c0

"optional-lib@npm:^1":
  version: 1.0.0
  resolution: "optional-lib@npm:1.0.0"
  languageName: node
  linkType: hard

"runtime-util@npm:^1":
  version: 1.0.0
  resolution: "runtime-util@npm:1.0.0"
  languageName: node
  linkType: hard

"m181-yarn-berry-optional-fixture@workspace:.":
  version: 0.0.0-use.local
  resolution: "m181-yarn-berry-optional-fixture@workspace:."
  dependencies:
    optional-lib: ^1
    runtime-util: ^1
  dependenciesMeta:
    optional-lib:
      optional: true
  languageName: unknown
  linkType: soft
