# This file is generated by running "yarn install" inside your project.
# Manual changes might be lost - proceed with caution!

__metadata:
  version: 8
  cacheKey: 10

"@mikebom-fixture/types-pkg@npm:^4.0.0":
  version: 4.5.6
  resolution: "@mikebom-fixture/types-pkg@npm:4.5.6"
  checksum: synthetic-bbb
  languageName: node
  linkType: hard

"mikebom-fixture-lib@npm:^1.0.0":
  version: 1.2.3
  resolution: "mikebom-fixture-lib@npm:1.2.3"
  dependencies:
    "@mikebom-fixture/types-pkg": ^4.0.0
  checksum: synthetic-aaa
  languageName: node
  linkType: hard
