example.test/waybill-fixture-alpha v1.0.0 h1:0000000000000000000000000000000000000000000=
example.test/waybill-fixture-alpha v1.0.0/go.mod h1:0000000000000000000000000000000000000000000=
example.test/waybill-fixture-beta v2.3.4 h1:1111111111111111111111111111111111111111111=
example.test/waybill-fixture-beta v2.3.4/go.mod h1:1111111111111111111111111111111111111111111=
example.test/waybill-fixture-indirect v0.9.0 h1:2222222222222222222222222222222222222222222=
example.test/waybill-fixture-indirect v0.9.0/go.mod h1:2222222222222222222222222222222222222222222=
example.test/waybill-fixture-multi v1.0.0 h1:3333333333333333333333333333333333333333333=
example.test/waybill-fixture-multi v1.0.0/go.mod h1:3333333333333333333333333333333333333333333=
example.test/waybill-fixture-multi v2.0.0 h1:4444444444444444444444444444444444444444444=
example.test/waybill-fixture-multi v2.0.0/go.mod h1:4444444444444444444444444444444444444444444=
