github.com/waybill-fixture/lib-a v1.0.0 h1:AAAAAAAAAAAAAAAAAAAAAAAAAAAAAAAAAAAAAAAAAAA=
github.com/waybill-fixture/lib-a v1.0.0/go.mod h1:AAAAAAAAAAAAAAAAAAAAAAAAAAAAAAAAAAAAAAAAAAB=
github.com/waybill-fixture/lib-b v2.0.0 h1:BBBBBBBBBBBBBBBBBBBBBBBBBBBBBBBBBBBBBBBBBBB=
github.com/waybill-fixture/lib-b v2.0.0/go.mod h1:BBBBBBBBBBBBBBBBBBBBBBBBBBBBBBBBBBBBBBBBBBC=
