# This file is generated by running "yarn install" inside your project.
# Manual changes might be lost - proceed with caution!
#
# Synthetic fixture — see package.json description.

__metadata:
  version: 8
  cacheKey: 10c0

"peer-framework@npm:^1":
  version: 1.0.0
  resolution: "peer-framework@npm:1.0.0"
  languageName: node
  linkType: hard

"m181-yarn-peer-optional-fixture@workspace:.":
  version: 0.0.0-use.local
  resolution: "m181-yarn-peer-optional-fixture@workspace:."
  peerDependencies:
    peer-framework: ^1
  peerDependenciesMeta:
    peer-framework:
      optional: true
  dependenciesMeta:
    peer-framework:
      optional: true
  languageName: unknown
  linkType: soft
