# --- BEGIN PANTS LOCKFILE METADATA: DO NOT EDIT OR REMOVE ---
# {
#   "version": 1,
#   "generated_with_requirements": []
# }
# --- END PANTS LOCKFILE METADATA ---

[[entries]]
directDependencies = []
dependencies = []
file_name = "prod-service-1.0.0.jar"

[entries.coord]
group = "dev.waybill.fixture"
artifact = "prod-service"
version = "1.0.0"

[entries.file_digest]
fingerprint = "00000000000000000000000000000000000000000000000000000000000000c1"
serialized_bytes_length = 500

[[entries]]
directDependencies = []
dependencies = []
file_name = "prod-lib-1.0.0.jar"

[entries.coord]
group = "dev.waybill.fixture"
artifact = "prod-lib"
version = "1.0.0"

[entries.file_digest]
fingerprint = "00000000000000000000000000000000000000000000000000000000000000c2"
serialized_bytes_length = 600
