# This file is generated by running "yarn install" inside your project.
# Manual changes might be lost - proceed with caution!

__metadata:
  version: 8
  cacheKey: 10c0

"react@npm:^18":
  version: 18.3.1
  resolution: "react@npm:18.3.1"
  checksum: 10c0/reactcksumreactcksumreactcksumreactcksumreactcksumreactcksumreactcksumreactcksumreactck
  languageName: node
  linkType: hard

"m181-yarn-peer-optional-fixture@workspace:.":
  version: 0.0.0-use.local
  resolution: "m181-yarn-peer-optional-fixture@workspace:."
  peerDependencies:
    react: ^18
  peerDependenciesMeta:
    react:
      optional: true
  dependenciesMeta:
    react:
      optional: true
  languageName: unknown
  linkType: soft
